
Microsoft Visual Studio Solution File, Format Version 12.00
# Visual Studio Version 17
VisualStudioVersion = 17.9.34622.214
MinimumVisualStudioVersion = 10.0.40219.1
Project("{FAE04EC0-301F-11D3-BF4B-00C04F79EFBC}") = "WebApplication1", "WebApplication1\WebApplication1.csproj", "{829D1930-C5DD-4A40-B2E4-D19E65561556}"
EndProject
Global
	GlobalSection(SolutionConfigurationPlatforms) = preSolution
		Debug|Any CPU = Debug|Any CPU
		Release|Any CPU = Release|Any CPU
	EndGlobalSection
	GlobalSection(ProjectConfigurationPlatforms) = postSolution
		{829D1930-C5DD-4A40-B2E4-D19E65561556}.Debug|Any CPU.ActiveCfg = Debug|Any CPU
		{829D1930-C5DD-4A40-B2E4-D19E65561556}.Debug|Any CPU.Build.0 = Debug|Any CPU
		{829D1930-C5DD-4A40-B2E4-D19E65561556}.Release|Any CPU.ActiveCfg = Release|Any CPU
		{829D1930-C5DD-4A40-B2E4-D19E65561556}.Release|Any CPU.Build.0 = Release|Any CPU
	EndGlobalSection
	GlobalSection(SolutionProperties) = preSolution
		HideSolutionNode = FALSE
	EndGlobalSection
	GlobalSection(ExtensibilityGlobals) = postSolution
		SolutionGuid = {88E56EAD-6E61-49F1-A254-A7E2D3D3BAFC}
	EndGlobalSection
EndGlobal
